// !$*UTF8*$!
{
	archiveVersion = 1;
	classes = {
	};
	objectVersion = 46;
	objects = {

/* Begin PBXBuildFile section */
		1EFA25001DA25317008DA4C6 /* AppDelegate.swift in Sources */ = {isa = PBXBuildFile; fileRef = 1EFA24FF1DA25317008DA4C6 /* AppDelegate.swift */; };
		1EFA25021DA25317008DA4C6 /* ViewController.swift in Sources */ = {isa = PBXBuildFile; fileRef = 1EFA25011DA25317008DA4C6 /* ViewController.swift */; };
		1EFA25051DA25317008DA4C6 /* Main.storyboard in Resources */ = {isa = PBXBuildFile; fileRef = 1EFA25031DA25317008DA4C6 /* Main.storyboard */; };
		1EFA25071DA25317008DA4C6 /* Assets.xcassets in Resources */ = {isa = PBXBuildFile; fileRef = 1EFA25061DA25317008DA4C6 /* Assets.xcassets */; };
		1EFA250A1DA25317008DA4C6 /* LaunchScreen.storyboard in Resources */ = {isa = PBXBuildFile; fileRef = 1EFA25081DA25317008DA4C6 /* LaunchScreen.storyboard */; };
		1EFA25151DA25317008DA4C6 /* mp3Player101Tests.swift in Sources */ = {isa = PBXBuildFile; fileRef = 1EFA25141DA25317008DA4C6 /* mp3Player101Tests.swift */; };
		1EFA25201DA25317008DA4C6 /* mp3Player101UITests.swift in Sources */ = {isa = PBXBuildFile; fileRef = 1EFA251F1DA25317008DA4C6 /* mp3Player101UITests.swift */; };
		1EFA25301DA2535A008DA4C6 /* pause.png in Resources */ = {isa = PBXBuildFile; fileRef = 1EFA252E1DA2535A008DA4C6 /* pause.png */; };
		1EFA25311DA2535A008DA4C6 /* play.png in Resources */ = {isa = PBXBuildFile; fileRef = 1EFA252F1DA2535A008DA4C6 /* play.png */; };
		1EFA25341DA25362008DA4C6 /* maxVolume.png in Resources */ = {isa = PBXBuildFile; fileRef = 1EFA25321DA25362008DA4C6 /* maxVolume.png */; };
		1EFA25351DA25362008DA4C6 /* miniVolume.png in Resources */ = {isa = PBXBuildFile; fileRef = 1EFA25331DA25362008DA4C6 /* miniVolume.png */; };
		1EFA25381DA257DA008DA4C6 /* thumb.png in Resources */ = {isa = PBXBuildFile; fileRef = 1EFA25361DA257DA008DA4C6 /* thumb.png */; };
		1EFA25391DA257DA008DA4C6 /* thumbHightLight.png in Resources */ = {isa = PBXBuildFile; fileRef = 1EFA25371DA257DA008DA4C6 /* thumbHightLight.png */; };
		1EFA253B1DA257E5008DA4C6 /* music.mp3 in Resources */ = {isa = PBXBuildFile; fileRef = 1EFA253A1DA257E5008DA4C6 /* music.mp3 */; };
/* End PBXBuildFile section */

/* Begin PBXContainerItemProxy section */
		1EFA25111DA25317008DA4C6 /* PBXContainerItemProxy */ = {
			isa = PBXContainerItemProxy;
			containerPortal = 1EFA24F41DA25316008DA4C6 /* Project object */;
			proxyType = 1;
			remoteGlobalIDString = 1EFA24FB1DA25317008DA4C6;
			remoteInfo = mp3Player101;
		};
		1EFA251C1DA25317008DA4C6 /* PBXContainerItemProxy */ = {
			isa = PBXContainerItemProxy;
			containerPortal = 1EFA24F41DA25316008DA4C6 /* Project object */;
			proxyType = 1;
			remoteGlobalIDString = 1EFA24FB1DA25317008DA4C6;
			remoteInfo = mp3Player101;
		};
/* End PBXContainerItemProxy section */

/* Begin PBXFileReference section */
		1EFA24FC1DA25317008DA4C6 /* mp3Player101.app */ = {isa = PBXFileReference; explicitFileType = wrapper.application; includeInIndex = 0; path = mp3Player101.app; sourceTree = BUILT_PRODUCTS_DIR; };
		1EFA24FF1DA25317008DA4C6 /* AppDelegate.swift */ = {isa = PBXFileReference; lastKnownFileType = sourcecode.swift; path = AppDelegate.swift; sourceTree = "<group>"; };
		1EFA25011DA25317008DA4C6 /* ViewController.swift */ = {isa = PBXFileReference; lastKnownFileType = sourcecode.swift; path = ViewController.swift; sourceTree = "<group>"; };
		1EFA25041DA25317008DA4C6 /* Base */ = {isa = PBXFileReference; lastKnownFileType = file.storyboard; name = Base; path = Base.lproj/Main.storyboard; sourceTree = "<group>"; };
		1EFA25061DA25317008DA4C6 /* Assets.xcassets */ = {isa = PBXFileReference; lastKnownFileType = folder.assetcatalog; path = Assets.xcassets; sourceTree = "<group>"; };
		1EFA25091DA25317008DA4C6 /* Base */ = {isa = PBXFileReference; lastKnownFileType = file.storyboard; name = Base; path = Base.lproj/LaunchScreen.storyboard; sourceTree = "<group>"; };
		1EFA250B1DA25317008DA4C6 /* Info.plist */ = {isa = PBXFileReference; lastKnownFileType = text.plist.xml; path = Info.plist; sourceTree = "<group>"; };
		1EFA25101DA25317008DA4C6 /* mp3Player101Tests.xctest */ = {isa = PBXFileReference; explicitFileType = wrapper.cfbundle; includeInIndex = 0; path = mp3Player101Tests.xctest; sourceTree = BUILT_PRODUCTS_DIR; };
		1EFA25141DA25317008DA4C6 /* mp3Player101Tests.swift */ = {isa = PBXFileReference; lastKnownFileType = sourcecode.swift; path = mp3Player101Tests.swift; sourceTree = "<group>"; };
		1EFA25161DA25317008DA4C6 /* Info.plist */ = {isa = PBXFileReference; lastKnownFileType = text.plist.xml; path = Info.plist; sourceTree = "<group>"; };
		1EFA251B1DA25317008DA4C6 /* mp3Player101UITests.xctest */ = {isa = PBXFileReference; explicitFileType = wrapper.cfbundle; includeInIndex = 0; path = mp3Player101UITests.xctest; sourceTree = BUILT_PRODUCTS_DIR; };
		1EFA251F1DA25317008DA4C6 /* mp3Player101UITests.swift */ = {isa = PBXFileReference; lastKnownFileType = sourcecode.swift; path = mp3Player101UITests.swift; sourceTree = "<group>"; };
		1EFA25211DA25317008DA4C6 /* Info.plist */ = {isa = PBXFileReference; lastKnownFileType = text.plist.xml; path = Info.plist; sourceTree = "<group>"; };
		1EFA252E1DA2535A008DA4C6 /* pause.png */ = {isa = PBXFileReference; lastKnownFileType = image.png; path = pause.png; sourceTree = "<group>"; };
		1EFA252F1DA2535A008DA4C6 /* play.png */ = {isa = PBXFileReference; lastKnownFileType = image.png; path = play.png; sourceTree = "<group>"; };
		1EFA25321DA25362008DA4C6 /* maxVolume.png */ = {isa = PBXFileReference; lastKnownFileType = image.png; path = maxVolume.png; sourceTree = "<group>"; };
		1EFA25331DA25362008DA4C6 /* miniVolume.png */ = {isa = PBXFileReference; lastKnownFileType = image.png; path = miniVolume.png; sourceTree = "<group>"; };
		1EFA25361DA257DA008DA4C6 /* thumb.png */ = {isa = PBXFileReference; lastKnownFileType = image.png; path = thumb.png; sourceTree = "<group>"; };
		1EFA25371DA257DA008DA4C6 /* thumbHightLight.png */ = {isa = PBXFileReference; lastKnownFileType = image.png; path = thumbHightLight.png; sourceTree = "<group>"; };
		1EFA253A1DA257E5008DA4C6 /* music.mp3 */ = {isa = PBXFileReference; lastKnownFileType = audio.mp3; path = music.mp3; sourceTree = "<group>"; };
/* End PBXFileReference section */

/* Begin PBXFrameworksBuildPhase section */
		1EFA24F91DA25317008DA4C6 /* Frameworks */ = {
			isa = PBXFrameworksBuildPhase;
			buildActionMask = 2147483647;
			files = (
			);
			runOnlyForDeploymentPostprocessing = 0;
		};
		1EFA250D1DA25317008DA4C6 /* Frameworks */ = {
			isa = PBXFrameworksBuildPhase;
			buildActionMask = 2147483647;
			files = (
			);
			runOnlyForDeploymentPostprocessing = 0;
		};
		1EFA25181DA25317008DA4C6 /* Frameworks */ = {
			isa = PBXFrameworksBuildPhase;
			buildActionMask = 2147483647;
			files = (
			);
			runOnlyForDeploymentPostprocessing = 0;
		};
/* End PBXFrameworksBuildPhase section */

/* Begin PBXGroup section */
		1EFA24F31DA25316008DA4C6 = {
			isa = PBXGroup;
			children = (
				1EFA24FE1DA25317008DA4C6 /* mp3Player101 */,
				1EFA25131DA25317008DA4C6 /* mp3Player101Tests */,
				1EFA251E1DA25317008DA4C6 /* mp3Player101UITests */,
				1EFA24FD1DA25317008DA4C6 /* Products */,
			);
			sourceTree = "<group>";
		};
		1EFA24FD1DA25317008DA4C6 /* Products */ = {
			isa = PBXGroup;
			children = (
				1EFA24FC1DA25317008DA4C6 /* mp3Player101.app */,
				1EFA25101DA25317008DA4C6 /* mp3Player101Tests.xctest */,
				1EFA251B1DA25317008DA4C6 /* mp3Player101UITests.xctest */,
			);
			name = Products;
			sourceTree = "<group>";
		};
		1EFA24FE1DA25317008DA4C6 /* mp3Player101 */ = {
			isa = PBXGroup;
			children = (
				1EFA252D1DA25324008DA4C6 /* New Group */,
				1EFA24FF1DA25317008DA4C6 /* AppDelegate.swift */,
				1EFA25011DA25317008DA4C6 /* ViewController.swift */,
				1EFA25031DA25317008DA4C6 /* Main.storyboard */,
				1EFA25061DA25317008DA4C6 /* Assets.xcassets */,
				1EFA25081DA25317008DA4C6 /* LaunchScreen.storyboard */,
				1EFA250B1DA25317008DA4C6 /* Info.plist */,
			);
			path = mp3Player101;
			sourceTree = "<group>";
		};
		1EFA25131DA25317008DA4C6 /* mp3Player101Tests */ = {
			isa = PBXGroup;
			children = (
				1EFA25141DA25317008DA4C6 /* mp3Player101Tests.swift */,
				1EFA25161DA25317008DA4C6 /* Info.plist */,
			);
			path = mp3Player101Tests;
			sourceTree = "<group>";
		};
		1EFA251E1DA25317008DA4C6 /* mp3Player101UITests */ = {
			isa = PBXGroup;
			children = (
				1EFA251F1DA25317008DA4C6 /* mp3Player101UITests.swift */,
				1EFA25211DA25317008DA4C6 /* Info.plist */,
			);
			path = mp3Player101UITests;
			sourceTree = "<group>";
		};
		1EFA252D1DA25324008DA4C6 /* New Group */ = {
			isa = PBXGroup;
			children = (
				1EFA253A1DA257E5008DA4C6 /* music.mp3 */,
				1EFA25361DA257DA008DA4C6 /* thumb.png */,
				1EFA25371DA257DA008DA4C6 /* thumbHightLight.png */,
				1EFA252E1DA2535A008DA4C6 /* pause.png */,
				1EFA252F1DA2535A008DA4C6 /* play.png */,
				1EFA25321DA25362008DA4C6 /* maxVolume.png */,
				1EFA25331DA25362008DA4C6 /* miniVolume.png */,
			);
			name = "New Group";
			sourceTree = "<group>";
		};
/* End PBXGroup section */

/* Begin PBXNativeTarget section */
		1EFA24FB1DA25317008DA4C6 /* mp3Player101 */ = {
			isa = PBXNativeTarget;
			buildConfigurationList = 1EFA25241DA25317008DA4C6 /* Build configuration list for PBXNativeTarget "mp3Player101" */;
			buildPhases = (
				1EFA24F81DA25317008DA4C6 /* Sources */,
				1EFA24F91DA25317008DA4C6 /* Frameworks */,
				1EFA24FA1DA25317008DA4C6 /* Resources */,
			);
			buildRules = (
			);
			dependencies = (
			);
			name = mp3Player101;
			productName = mp3Player101;
			productReference = 1EFA24FC1DA25317008DA4C6 /* mp3Player101.app */;
			productType = "com.apple.product-type.application";
		};
		1EFA250F1DA25317008DA4C6 /* mp3Player101Tests */ = {
			isa = PBXNativeTarget;
			buildConfigurationList = 1EFA25271DA25317008DA4C6 /* Build configuration list for PBXNativeTarget "mp3Player101Tests" */;
			buildPhases = (
				1EFA250C1DA25317008DA4C6 /* Sources */,
				1EFA250D1DA25317008DA4C6 /* Frameworks */,
				1EFA250E1DA25317008DA4C6 /* Resources */,
			);
			buildRules = (
			);
			dependencies = (
				1EFA25121DA25317008DA4C6 /* PBXTargetDependency */,
			);
			name = mp3Player101Tests;
			productName = mp3Player101Tests;
			productReference = 1EFA25101DA25317008DA4C6 /* mp3Player101Tests.xctest */;
			productType = "com.apple.product-type.bundle.unit-test";
		};
		1EFA251A1DA25317008DA4C6 /* mp3Player101UITests */ = {
			isa = PBXNativeTarget;
			buildConfigurationList = 1EFA252A1DA25317008DA4C6 /* Build configuration list for PBXNativeTarget "mp3Player101UITests" */;
			buildPhases = (
				1EFA25171DA25317008DA4C6 /* Sources */,
				1EFA25181DA25317008DA4C6 /* Frameworks */,
				1EFA25191DA25317008DA4C6 /* Resources */,
			);
			buildRules = (
			);
			dependencies = (
				1EFA251D1DA25317008DA4C6 /* PBXTargetDependency */,
			);
			name = mp3Player101UITests;
			productName = mp3Player101UITests;
			productReference = 1EFA251B1DA25317008DA4C6 /* mp3Player101UITests.xctest */;
			productType = "com.apple.product-type.bundle.ui-testing";
		};
/* End PBXNativeTarget section */

/* Begin PBXProject section */
		1EFA24F41DA25316008DA4C6 /* Project object */ = {
			isa = PBXProject;
			attributes = {
				LastSwiftUpdateCheck = 0800;
				LastUpgradeCheck = 0800;
				ORGANIZATIONNAME = "iOS Student";
				TargetAttributes = {
					1EFA24FB1DA25317008DA4C6 = {
						CreatedOnToolsVersion = 8.0;
						ProvisioningStyle = Automatic;
					};
					1EFA250F1DA25317008DA4C6 = {
						CreatedOnToolsVersion = 8.0;
						ProvisioningStyle = Automatic;
						TestTargetID = 1EFA24FB1DA25317008DA4C6;
					};
					1EFA251A1DA25317008DA4C6 = {
						CreatedOnToolsVersion = 8.0;
						ProvisioningStyle = Automatic;
						TestTargetID = 1EFA24FB1DA25317008DA4C6;
					};
				};
			};
			buildConfigurationList = 1EFA24F71DA25316008DA4C6 /* Build configuration list for PBXProject "mp3Player101" */;
			compatibilityVersion = "Xcode 3.2";
			developmentRegion = English;
			hasScannedForEncodings = 0;
			knownRegions = (
				en,
				Base,
			);
			mainGroup = 1EFA24F31DA25316008DA4C6;
			productRefGroup = 1EFA24FD1DA25317008DA4C6 /* Products */;
			projectDirPath = "";
			projectRoot = "";
			targets = (
				1EFA24FB1DA25317008DA4C6 /* mp3Player101 */,
				1EFA250F1DA25317008DA4C6 /* mp3Player101Tests */,
				1EFA251A1DA25317008DA4C6 /* mp3Player101UITests */,
			);
		};
/* End PBXProject section */

/* Begin PBXResourcesBuildPhase section */
		1EFA24FA1DA25317008DA4C6 /* Resources */ = {
			isa = PBXResourcesBuildPhase;
			buildActionMask = 2147483647;
			files = (
				1EFA253B1DA257E5008DA4C6 /* music.mp3 in Resources */,
				1EFA250A1DA25317008DA4C6 /* LaunchScreen.storyboard in Resources */,
				1EFA25391DA257DA008DA4C6 /* thumbHightLight.png in Resources */,
				1EFA25311DA2535A008DA4C6 /* play.png in Resources */,
				1EFA25071DA25317008DA4C6 /* Assets.xcassets in Resources */,
				1EFA25301DA2535A008DA4C6 /* pause.png in Resources */,
				1EFA25381DA257DA008DA4C6 /* thumb.png in Resources */,
				1EFA25341DA25362008DA4C6 /* maxVolume.png in Resources */,
				1EFA25051DA25317008DA4C6 /* Main.storyboard in Resources */,
				1EFA25351DA25362008DA4C6 /* miniVolume.png in Resources */,
			);
			runOnlyForDeploymentPostprocessing = 0;
		};
		1EFA250E1DA25317008DA4C6 /* Resources */ = {
			isa = PBXResourcesBuildPhase;
			buildActionMask = 2147483647;
			files = (
			);
			runOnlyForDeploymentPostprocessing = 0;
		};
		1EFA25191DA25317008DA4C6 /* Resources */ = {
			isa = PBXResourcesBuildPhase;
			buildActionMask = 2147483647;
			files = (
			);
			runOnlyForDeploymentPostprocessing = 0;
		};
/* End PBXResourcesBuildPhase section */

/* Begin PBXSourcesBuildPhase section */
		1EFA24F81DA25317008DA4C6 /* Sources */ = {
			isa = PBXSourcesBuildPhase;
			buildActionMask = 2147483647;
			files = (
				1EFA25021DA25317008DA4C6 /* ViewController.swift in Sources */,
				1EFA25001DA25317008DA4C6 /* AppDelegate.swift in Sources */,
			);
			runOnlyForDeploymentPostprocessing = 0;
		};
		1EFA250C1DA25317008DA4C6 /* Sources */ = {
			isa = PBXSourcesBuildPhase;
			buildActionMask = 2147483647;
			files = (
				1EFA25151DA25317008DA4C6 /* mp3Player101Tests.swift in Sources */,
			);
			runOnlyForDeploymentPostprocessing = 0;
		};
		1EFA25171DA25317008DA4C6 /* Sources */ = {
			isa = PBXSourcesBuildPhase;
			buildActionMask = 2147483647;
			files = (
				1EFA25201DA25317008DA4C6 /* mp3Player101UITests.swift in Sources */,
			);
			runOnlyForDeploymentPostprocessing = 0;
		};
/* End PBXSourcesBuildPhase section */

/* Begin PBXTargetDependency section */
		1EFA25121DA25317008DA4C6 /* PBXTargetDependency */ = {
			isa = PBXTargetDependency;
			target = 1EFA24FB1DA25317008DA4C6 /* mp3Player101 */;
			targetProxy = 1EFA25111DA25317008DA4C6 /* PBXContainerItemProxy */;
		};
		1EFA251D1DA25317008DA4C6 /* PBXTargetDependency */ = {
			isa = PBXTargetDependency;
			target = 1EFA24FB1DA25317008DA4C6 /* mp3Player101 */;
			targetProxy = 1EFA251C1DA25317008DA4C6 /* PBXContainerItemProxy */;
		};
/* End PBXTargetDependency section */

/* Begin PBXVariantGroup section */
		1EFA25031DA25317008DA4C6 /* Main.storyboard */ = {
			isa = PBXVariantGroup;
			children = (
				1EFA25041DA25317008DA4C6 /* Base */,
			);
			name = Main.storyboard;
			sourceTree = "<group>";
		};
		1EFA25081DA25317008DA4C6 /* LaunchScreen.storyboard */ = {
			isa = PBXVariantGroup;
			children = (
				1EFA25091DA25317008DA4C6 /* Base */,
			);
			name = LaunchScreen.storyboard;
			sourceTree = "<group>";
		};
/* End PBXVariantGroup section */

/* Begin XCBuildConfiguration section */
		1EFA25221DA25317008DA4C6 /* Debug */ = {
			isa = XCBuildConfiguration;
			buildSettings = {
				ALWAYS_SEARCH_USER_PATHS = NO;
				CLANG_ANALYZER_NONNULL = YES;
				CLANG_CXX_LANGUAGE_STANDARD = "gnu++0x";
				CLANG_CXX_LIBRARY = "libc++";
				CLANG_ENABLE_MODULES = YES;
				CLANG_ENABLE_OBJC_ARC = YES;
				CLANG_WARN_BOOL_CONVERSION = YES;
				CLANG_WARN_CONSTANT_CONVERSION = YES;
				CLANG_WARN_DIRECT_OBJC_ISA_USAGE = YES_ERROR;
				CLANG_WARN_DOCUMENTATION_COMMENTS = YES;
				CLANG_WARN_EMPTY_BODY = YES;
				CLANG_WARN_ENUM_CONVERSION = YES;
				CLANG_WARN_INFINITE_RECURSION = YES;
				CLANG_WARN_INT_CONVERSION = YES;
				CLANG_WARN_OBJC_ROOT_CLASS = YES_ERROR;
				CLANG_WARN_SUSPICIOUS_MOVES = YES;
				CLANG_WARN_UNREACHABLE_CODE = YES;
				CLANG_WARN__DUPLICATE_METHOD_MATCH = YES;
				"CODE_SIGN_IDENTITY[sdk=iphoneos*]" = "iPhone Developer";
				COPY_PHASE_STRIP = NO;
				DEBUG_INFORMATION_FORMAT = dwarf;
				ENABLE_STRICT_OBJC_MSGSEND = YES;
				ENABLE_TESTABILITY = YES;
				GCC_C_LANGUAGE_STANDARD = gnu99;
				GCC_DYNAMIC_NO_PIC = NO;
				GCC_NO_COMMON_BLOCKS = YES;
				GCC_OPTIMIZATION_LEVEL = 0;
				GCC_PREPROCESSOR_DEFINITIONS = (
					"DEBUG=1",
					"$(inherited)",
				);
				GCC_WARN_64_TO_32_BIT_CONVERSION = YES;
				GCC_WARN_ABOUT_RETURN_TYPE = YES_ERROR;
				GCC_WARN_UNDECLARED_SELECTOR = YES;
				GCC_WARN_UNINITIALIZED_AUTOS = YES_AGGRESSIVE;
				GCC_WARN_UNUSED_FUNCTION = YES;
				GCC_WARN_UNUSED_VARIABLE = YES;
				IPHONEOS_DEPLOYMENT_TARGET = 10.0;
				MTL_ENABLE_DEBUG_INFO = YES;
				ONLY_ACTIVE_ARCH = YES;
				SDKROOT = iphoneos;
				SWIFT_ACTIVE_COMPILATION_CONDITIONS = DEBUG;
				SWIFT_OPTIMIZATION_LEVEL = "-Onone";
				TARGETED_DEVICE_FAMILY = "1,2";
			};
			name = Debug;
		};
		1EFA25231DA25317008DA4C6 /* Release */ = {
			isa = XCBuildConfiguration;
			buildSettings = {
				ALWAYS_SEARCH_USER_PATHS = NO;
				CLANG_ANALYZER_NONNULL = YES;
				CLANG_CXX_LANGUAGE_STANDARD = "gnu++0x";
				CLANG_CXX_LIBRARY = "libc++";
				CLANG_ENABLE_MODULES = YES;
				CLANG_ENABLE_OBJC_ARC = YES;
				CLANG_WARN_BOOL_CONVERSION = YES;
				CLANG_WARN_CONSTANT_CONVERSION = YES;
				CLANG_WARN_DIRECT_OBJC_ISA_USAGE = YES_ERROR;
				CLANG_WARN_DOCUMENTATION_COMMENTS = YES;
				CLANG_WARN_EMPTY_BODY = YES;
				CLANG_WARN_ENUM_CONVERSION = YES;
				CLANG_WARN_INFINITE_RECURSION = YES;
				CLANG_WARN_INT_CONVERSION = YES;
				CLANG_WARN_OBJC_ROOT_CLASS = YES_ERROR;
				CLANG_WARN_SUSPICIOUS_MOVES = YES;
				CLANG_WARN_UNREACHABLE_CODE = YES;
				CLANG_WARN__DUPLICATE_METHOD_MATCH = YES;
				"CODE_SIGN_IDENTITY[sdk=iphoneos*]" = "iPhone Developer";
				COPY_PHASE_STRIP = NO;
				DEBUG_INFORMATION_FORMAT = "dwarf-with-dsym";
				ENABLE_NS_ASSERTIONS = NO;
				ENABLE_STRICT_OBJC_MSGSEND = YES;
				GCC_C_LANGUAGE_STANDARD = gnu99;
				GCC_NO_COMMON_BLOCKS = YES;
				GCC_WARN_64_TO_32_BIT_CONVERSION = YES;
				GCC_WARN_ABOUT_RETURN_TYPE = YES_ERROR;
				GCC_WARN_UNDECLARED_SELECTOR = YES;
				GCC_WARN_UNINITIALIZED_AUTOS = YES_AGGRESSIVE;
				GCC_WARN_UNUSED_FUNCTION = YES;
				GCC_WARN_UNUSED_VARIABLE = YES;
				IPHONEOS_DEPLOYMENT_TARGET = 10.0;
				MTL_ENABLE_DEBUG_INFO = NO;
				SDKROOT = iphoneos;
				SWIFT_OPTIMIZATION_LEVEL = "-Owholemodule";
				TARGETED_DEVICE_FAMILY = "1,2";
				VALIDATE_PRODUCT = YES;
			};
			name = Release;
		};
		1EFA25251DA25317008DA4C6 /* Debug */ = {
			isa = XCBuildConfiguration;
			buildSettings = {
				ASSETCATALOG_COMPILER_APPICON_NAME = AppIcon;
				INFOPLIST_FILE = mp3Player101/Info.plist;
				LD_RUNPATH_SEARCH_PATHS = "$(inherited) @executable_path/Frameworks";
				PRODUCT_BUNDLE_IDENTIFIER = "-23.mp3Player101";
				PRODUCT_NAME = "$(TARGET_NAME)";
				SWIFT_VERSION = 3.0;
			};
			name = Debug;
		};
		1EFA25261DA25317008DA4C6 /* Release */ = {
			isa = XCBuildConfiguration;
			buildSettings = {
				ASSETCATALOG_COMPILER_APPICON_NAME = AppIcon;
				INFOPLIST_FILE = mp3Player101/Info.plist;
				LD_RUNPATH_SEARCH_PATHS = "$(inherited) @executable_path/Frameworks";
				PRODUCT_BUNDLE_IDENTIFIER = "-23.mp3Player101";
				PRODUCT_NAME = "$(TARGET_NAME)";
				SWIFT_VERSION = 3.0;
			};
			name = Release;
		};
		1EFA25281DA25317008DA4C6 /* Debug */ = {
			isa = XCBuildConfiguration;
			buildSettings = {
				ALWAYS_EMBED_SWIFT_STANDARD_LIBRARIES = YES;
				BUNDLE_LOADER = "$(TEST_HOST)";
				INFOPLIST_FILE = mp3Player101Tests/Info.plist;
				LD_RUNPATH_SEARCH_PATHS = "$(inherited) @executable_path/Frameworks @loader_path/Frameworks";
				PRODUCT_BUNDLE_IDENTIFIER = "-23.mp3Player101Tests";
				PRODUCT_NAME = "$(TARGET_NAME)";
				SWIFT_VERSION = 3.0;
				TEST_HOST = "$(BUILT_PRODUCTS_DIR)/mp3Player101.app/mp3Player101";
			};
			name = Debug;
		};
		1EFA25291DA25317008DA4C6 /* Release */ = {
			isa = XCBuildConfiguration;
			buildSettings = {
				ALWAYS_EMBED_SWIFT_STANDARD_LIBRARIES = YES;
				BUNDLE_LOADER = "$(TEST_HOST)";
				INFOPLIST_FILE = mp3Player101Tests/Info.plist;
				LD_RUNPATH_SEARCH_PATHS = "$(inherited) @executable_path/Frameworks @loader_path/Frameworks";
				PRODUCT_BUNDLE_IDENTIFIER = "-23.mp3Player101Tests";
				PRODUCT_NAME = "$(TARGET_NAME)";
				SWIFT_VERSION = 3.0;
				TEST_HOST = "$(BUILT_PRODUCTS_DIR)/mp3Player101.app/mp3Player101";
			};
			name = Release;
		};
		1EFA252B1DA25317008DA4C6 /* Debug */ = {
			isa = XCBuildConfiguration;
			buildSettings = {
				ALWAYS_EMBED_SWIFT_STANDARD_LIBRARIES = YES;
				INFOPLIST_FILE = mp3Player101UITests/Info.plist;
				LD_RUNPATH_SEARCH_PATHS = "$(inherited) @executable_path/Frameworks @loader_path/Frameworks";
				PRODUCT_BUNDLE_IDENTIFIER = "-23.mp3Player101UITests";
				PRODUCT_NAME = "$(TARGET_NAME)";
				SWIFT_VERSION = 3.0;
				TEST_TARGET_NAME = mp3Player101;
			};
			name = Debug;
		};
		1EFA252C1DA25317008DA4C6 /* Release */ = {
			isa = XCBuildConfiguration;
			buildSettings = {
				ALWAYS_EMBED_SWIFT_STANDARD_LIBRARIES = YES;
				INFOPLIST_FILE = mp3Player101UITests/Info.plist;
				LD_RUNPATH_SEARCH_PATHS = "$(inherited) @executable_path/Frameworks @loader_path/Frameworks";
				PRODUCT_BUNDLE_IDENTIFIER = "-23.mp3Player101UITests";
				PRODUCT_NAME = "$(TARGET_NAME)";
				SWIFT_VERSION = 3.0;
				TEST_TARGET_NAME = mp3Player101;
			};
			name = Release;
		};
/* End XCBuildConfiguration section */

/* Begin XCConfigurationList section */
		1EFA24F71DA25316008DA4C6 /* Build configuration list for PBXProject "mp3Player101" */ = {
			isa = XCConfigurationList;
			buildConfigurations = (
				1EFA25221DA25317008DA4C6 /* Debug */,
				1EFA25231DA25317008DA4C6 /* Release */,
			);
			defaultConfigurationIsVisible = 0;
			defaultConfigurationName = Release;
		};
		1EFA25241DA25317008DA4C6 /* Build configuration list for PBXNativeTarget "mp3Player101" */ = {
			isa = XCConfigurationList;
			buildConfigurations = (
				1EFA25251DA25317008DA4C6 /* Debug */,
				1EFA25261DA25317008DA4C6 /* Release */,
			);
			defaultConfigurationIsVisible = 0;
		};
		1EFA25271DA25317008DA4C6 /* Build configuration list for PBXNativeTarget "mp3Player101Tests" */ = {
			isa = XCConfigurationList;
			buildConfigurations = (
				1EFA25281DA25317008DA4C6 /* Debug */,
				1EFA25291DA25317008DA4C6 /* Release */,
			);
			defaultConfigurationIsVisible = 0;
		};
		1EFA252A1DA25317008DA4C6 /* Build configuration list for PBXNativeTarget "mp3Player101UITests" */ = {
			isa = XCConfigurationList;
			buildConfigurations = (
				1EFA252B1DA25317008DA4C6 /* Debug */,
				1EFA252C1DA25317008DA4C6 /* Release */,
			);
			defaultConfigurationIsVisible = 0;
		};
/* End XCConfigurationList section */
	};
	rootObject = 1EFA24F41DA25316008DA4C6 /* Project object */;
}
